// !$*UTF8*$!
{
	archiveVersion = 1;
	classes = {
	};
	objectVersion = 50;
	objects = {

/* Begin PBXBuildFile section */
		10BDA17C2621D98A002995B2 /* NewsApp__Combine_Framework__API__Swift_Package_Manager_CoreData_App.swift in Sources */ = {isa = PBXBuildFile; fileRef = 10BDA17B2621D98A002995B2 /* NewsApp__Combine_Framework__API__Swift_Package_Manager_CoreData_App.swift */; };
		10BDA17E2621D98A002995B2 /* ContentView.swift in Sources */ = {isa = PBXBuildFile; fileRef = 10BDA17D2621D98A002995B2 /* ContentView.swift */; };
		10BDA1802621D98C002995B2 /* Assets.xcassets in Resources */ = {isa = PBXBuildFile; fileRef = 10BDA17F2621D98C002995B2 /* Assets.xcassets */; };
		10BDA1832621D98C002995B2 /* Preview Assets.xcassets in Resources */ = {isa = PBXBuildFile; fileRef = 10BDA1822621D98C002995B2 /* Preview Assets.xcassets */; };
		10BDA1852621D98C002995B2 /* Persistence.swift in Sources */ = {isa = PBXBuildFile; fileRef = 10BDA1842621D98C002995B2 /* Persistence.swift */; };
		10BDA1882621D98C002995B2 /* NewsApp__Combine_Framework__API__Swift_Package_Manager_CoreData_.xcdatamodeld in Sources */ = {isa = PBXBuildFile; fileRef = 10BDA1862621D98C002995B2 /* NewsApp__Combine_Framework__API__Swift_Package_Manager_CoreData_.xcdatamodeld */; };
/* End PBXBuildFile section */

/* Begin PBXFileReference section */
		10BDA1782621D98A002995B2 /* NewsApp (Combine Framework, API, Swift Package Manager,CoreData).app */ = {isa = PBXFileReference; explicitFileType = wrapper.application; includeInIndex = 0; path = "NewsApp (Combine Framework, API, Swift Package Manager,CoreData).app"; sourceTree = BUILT_PRODUCTS_DIR; };
		10BDA17B2621D98A002995B2 /* NewsApp__Combine_Framework__API__Swift_Package_Manager_CoreData_App.swift */ = {isa = PBXFileReference; lastKnownFileType = sourcecode.swift; path = NewsApp__Combine_Framework__API__Swift_Package_Manager_CoreData_App.swift; sourceTree = "<group>"; };
		10BDA17D2621D98A002995B2 /* ContentView.swift */ = {isa = PBXFileReference; lastKnownFileType = sourcecode.swift; path = ContentView.swift; sourceTree = "<group>"; };
		10BDA17F2621D98C002995B2 /* Assets.xcassets */ = {isa = PBXFileReference; lastKnownFileType = folder.assetcatalog; path = Assets.xcassets; sourceTree = "<group>"; };
		10BDA1822621D98C002995B2 /* Preview Assets.xcassets */ = {isa = PBXFileReference; lastKnownFileType = folder.assetcatalog; path = "Preview Assets.xcassets"; sourceTree = "<group>"; };
		10BDA1842621D98C002995B2 /* Persistence.swift */ = {isa = PBXFileReference; lastKnownFileType = sourcecode.swift; path = Persistence.swift; sourceTree = "<group>"; };
		10BDA1872621D98C002995B2 /* NewsApp__Combine_Framework__API__Swift_Package_Manager_CoreData_.xcdatamodel */ = {isa = PBXFileReference; lastKnownFileType = wrapper.xcdatamodel; path = NewsApp__Combine_Framework__API__Swift_Package_Manager_CoreData_.xcdatamodel; sourceTree = "<group>"; };
		10BDA1892621D98C002995B2 /* Info.plist */ = {isa = PBXFileReference; lastKnownFileType = text.plist.xml; path = Info.plist; sourceTree = "<group>"; };
/* End PBXFileReference section */

/* Begin PBXFrameworksBuildPhase section */
		10BDA1752621D98A002995B2 /* Frameworks */ = {
			isa = PBXFrameworksBuildPhase;
			buildActionMask = 2147483647;
			files = (
			);
			runOnlyForDeploymentPostprocessing = 0;
		};
/* End PBXFrameworksBuildPhase section */

/* Begin PBXGroup section */
		10BDA16F2621D98A002995B2 = {
			isa = PBXGroup;
			children = (
				10BDA17A2621D98A002995B2 /* NewsApp (Combine Framework, API, Swift Package Manager,CoreData) */,
				10BDA1792621D98A002995B2 /* Products */,
			);
			sourceTree = "<group>";
		};
		10BDA1792621D98A002995B2 /* Products */ = {
			isa = PBXGroup;
			children = (
				10BDA1782621D98A002995B2 /* NewsApp (Combine Framework, API, Swift Package Manager,CoreData).app */,
			);
			name = Products;
			sourceTree = "<group>";
		};
		10BDA17A2621D98A002995B2 /* NewsApp (Combine Framework, API, Swift Package Manager,CoreData) */ = {
			isa = PBXGroup;
			children = (
				10BDA17B2621D98A002995B2 /* NewsApp__Combine_Framework__API__Swift_Package_Manager_CoreData_App.swift */,
				10BDA17D2621D98A002995B2 /* ContentView.swift */,
				10BDA17F2621D98C002995B2 /* Assets.xcassets */,
				10BDA1842621D98C002995B2 /* Persistence.swift */,
				10BDA1892621D98C002995B2 /* Info.plist */,
				10BDA1862621D98C002995B2 /* NewsApp__Combine_Framework__API__Swift_Package_Manager_CoreData_.xcdatamodeld */,
				10BDA1812621D98C002995B2 /* Preview Content */,
			);
			path = "NewsApp (Combine Framework, API, Swift Package Manager,CoreData)";
			sourceTree = "<group>";
		};
		10BDA1812621D98C002995B2 /* Preview Content */ = {
			isa = PBXGroup;
			children = (
				10BDA1822621D98C002995B2 /* Preview Assets.xcassets */,
			);
			path = "Preview Content";
			sourceTree = "<group>";
		};
/* End PBXGroup section */

/* Begin PBXNativeTarget section */
		10BDA1772621D98A002995B2 /* NewsApp (Combine Framework, API, Swift Package Manager,CoreData) */ = {
			isa = PBXNativeTarget;
			buildConfigurationList = 10BDA18C2621D98C002995B2 /* Build configuration list for PBXNativeTarget "NewsApp (Combine Framework, API, Swift Package Manager,CoreData)" */;
			buildPhases = (
				10BDA1742621D98A002995B2 /* Sources */,
				10BDA1752621D98A002995B2 /* Frameworks */,
				10BDA1762621D98A002995B2 /* Resources */,
			);
			buildRules = (
			);
			dependencies = (
			);
			name = "NewsApp (Combine Framework, API, Swift Package Manager,CoreData)";
			productName = "NewsApp (Combine Framework, API, Swift Package Manager,CoreData)";
			productReference = 10BDA1782621D98A002995B2 /* NewsApp (Combine Framework, API, Swift Package Manager,CoreData).app */;
			productType = "com.apple.product-type.application";
		};
/* End PBXNativeTarget section */

/* Begin PBXProject section */
		10BDA1702621D98A002995B2 /* Project object */ = {
			isa = PBXProject;
			attributes = {
				LastSwiftUpdateCheck = 1240;
				LastUpgradeCheck = 1240;
				TargetAttributes = {
					10BDA1772621D98A002995B2 = {
						CreatedOnToolsVersion = 12.4;
					};
				};
			};
			buildConfigurationList = 10BDA1732621D98A002995B2 /* Build configuration list for PBXProject "NewsApp (Combine Framework, API, Swift Package Manager,CoreData)" */;
			compatibilityVersion = "Xcode 9.3";
			developmentRegion = en;
			hasScannedForEncodings = 0;
			knownRegions = (
				en,
				Base,
			);
			mainGroup = 10BDA16F2621D98A002995B2;
			productRefGroup = 10BDA1792621D98A002995B2 /* Products */;
			projectDirPath = "";
			projectRoot = "";
			targets = (
				10BDA1772621D98A002995B2 /* NewsApp (Combine Framework, API, Swift Package Manager,CoreData) */,
			);
		};
/* End PBXProject section */

/* Begin PBXResourcesBuildPhase section */
		10BDA1762621D98A002995B2 /* Resources */ = {
			isa = PBXResourcesBuildPhase;
			buildActionMask = 2147483647;
			files = (
				10BDA1832621D98C002995B2 /* Preview Assets.xcassets in Resources */,
				10BDA1802621D98C002995B2 /* Assets.xcassets in Resources */,
			);
			runOnlyForDeploymentPostprocessing = 0;
		};
/* End PBXResourcesBuildPhase section */

/* Begin PBXSourcesBuildPhase section */
		10BDA1742621D98A002995B2 /* Sources */ = {
			isa = PBXSourcesBuildPhase;
			buildActionMask = 2147483647;
			files = (
				10BDA1882621D98C002995B2 /* NewsApp__Combine_Framework__API__Swift_Package_Manager_CoreData_.xcdatamodeld in Sources */,
				10BDA1852621D98C002995B2 /* Persistence.swift in Sources */,
				10BDA17E2621D98A002995B2 /* ContentView.swift in Sources */,
				10BDA17C2621D98A002995B2 /* NewsApp__Combine_Framework__API__Swift_Package_Manager_CoreData_App.swift in Sources */,
			);
			runOnlyForDeploymentPostprocessing = 0;
		};
/* End PBXSourcesBuildPhase section */

/* Begin XCBuildConfiguration section */
		10BDA18A2621D98C002995B2 /* Debug */ = {
			isa = XCBuildConfiguration;
			buildSettings = {
				ALWAYS_SEARCH_USER_PATHS = NO;
				CLANG_ANALYZER_NONNULL = YES;
				CLANG_ANALYZER_NUMBER_OBJECT_CONVERSION = YES_AGGRESSIVE;
				CLANG_CXX_LANGUAGE_STANDARD = "gnu++14";
				CLANG_CXX_LIBRARY = "libc++";
				CLANG_ENABLE_MODULES = YES;
				CLANG_ENABLE_OBJC_ARC = YES;
				CLANG_ENABLE_OBJC_WEAK = YES;
				CLANG_WARN_BLOCK_CAPTURE_AUTORELEASING = YES;
				CLANG_WARN_BOOL_CONVERSION = YES;
				CLANG_WARN_COMMA = YES;
				CLANG_WARN_CONSTANT_CONVERSION = YES;
				CLANG_WARN_DEPRECATED_OBJC_IMPLEMENTATIONS = YES;
				CLANG_WARN_DIRECT_OBJC_ISA_USAGE = YES_ERROR;
				CLANG_WARN_DOCUMENTATION_COMMENTS = YES;
				CLANG_WARN_EMPTY_BODY = YES;
				CLANG_WARN_ENUM_CONVERSION = YES;
				CLANG_WARN_INFINITE_RECURSION = YES;
				CLANG_WARN_INT_CONVERSION = YES;
				CLANG_WARN_NON_LITERAL_NULL_CONVERSION = YES;
				CLANG_WARN_OBJC_IMPLICIT_RETAIN_SELF = YES;
				CLANG_WARN_OBJC_LITERAL_CONVERSION = YES;
				CLANG_WARN_OBJC_ROOT_CLASS = YES_ERROR;
				CLANG_WARN_QUOTED_INCLUDE_IN_FRAMEWORK_HEADER = YES;
				CLANG_WARN_RANGE_LOOP_ANALYSIS = YES;
				CLANG_WARN_STRICT_PROTOTYPES = YES;
				CLANG_WARN_SUSPICIOUS_MOVE = YES;
				CLANG_WARN_UNGUARDED_AVAILABILITY = YES_AGGRESSIVE;
				CLANG_WARN_UNREACHABLE_CODE = YES;
				CLANG_WARN__DUPLICATE_METHOD_MATCH = YES;
				COPY_PHASE_STRIP = NO;
				DEBUG_INFORMATION_FORMAT = dwarf;
				ENABLE_STRICT_OBJC_MSGSEND = YES;
				ENABLE_TESTABILITY = YES;
				GCC_C_LANGUAGE_STANDARD = gnu11;
				GCC_DYNAMIC_NO_PIC = NO;
				GCC_NO_COMMON_BLOCKS = YES;
				GCC_OPTIMIZATION_LEVEL = 0;
				GCC_PREPROCESSOR_DEFINITIONS = (
					"DEBUG=1",
					"$(inherited)",
				);
				GCC_WARN_64_TO_32_BIT_CONVERSION = YES;
				GCC_WARN_ABOUT_RETURN_TYPE = YES_ERROR;
				GCC_WARN_UNDECLARED_SELECTOR = YES;
				GCC_WARN_UNINITIALIZED_AUTOS = YES_AGGRESSIVE;
				GCC_WARN_UNUSED_FUNCTION = YES;
				GCC_WARN_UNUSED_VARIABLE = YES;
				IPHONEOS_DEPLOYMENT_TARGET = 14.4;
				MTL_ENABLE_DEBUG_INFO = INCLUDE_SOURCE;
				MTL_FAST_MATH = YES;
				ONLY_ACTIVE_ARCH = YES;
				SDKROOT = iphoneos;
				SWIFT_ACTIVE_COMPILATION_CONDITIONS = DEBUG;
				SWIFT_OPTIMIZATION_LEVEL = "-Onone";
			};
			name = Debug;
		};
		10BDA18B2621D98C002995B2 /* Release */ = {
			isa = XCBuildConfiguration;
			buildSettings = {
				ALWAYS_SEARCH_USER_PATHS = NO;
				CLANG_ANALYZER_NONNULL = YES;
				CLANG_ANALYZER_NUMBER_OBJECT_CONVERSION = YES_AGGRESSIVE;
				CLANG_CXX_LANGUAGE_STANDARD = "gnu++14";
				CLANG_CXX_LIBRARY = "libc++";
				CLANG_ENABLE_MODULES = YES;
				CLANG_ENABLE_OBJC_ARC = YES;
				CLANG_ENABLE_OBJC_WEAK = YES;
				CLANG_WARN_BLOCK_CAPTURE_AUTORELEASING = YES;
				CLANG_WARN_BOOL_CONVERSION = YES;
				CLANG_WARN_COMMA = YES;
				CLANG_WARN_CONSTANT_CONVERSION = YES;
				CLANG_WARN_DEPRECATED_OBJC_IMPLEMENTATIONS = YES;
				CLANG_WARN_DIRECT_OBJC_ISA_USAGE = YES_ERROR;
				CLANG_WARN_DOCUMENTATION_COMMENTS = YES;
				CLANG_WARN_EMPTY_BODY = YES;
				CLANG_WARN_ENUM_CONVERSION = YES;
				CLANG_WARN_INFINITE_RECURSION = YES;
				CLANG_WARN_INT_CONVERSION = YES;
				CLANG_WARN_NON_LITERAL_NULL_CONVERSION = YES;
				CLANG_WARN_OBJC_IMPLICIT_RETAIN_SELF = YES;
				CLANG_WARN_OBJC_LITERAL_CONVERSION = YES;
				CLANG_WARN_OBJC_ROOT_CLASS = YES_ERROR;
				CLANG_WARN_QUOTED_INCLUDE_IN_FRAMEWORK_HEADER = YES;
				CLANG_WARN_RANGE_LOOP_ANALYSIS = YES;
				CLANG_WARN_STRICT_PROTOTYPES = YES;
				CLANG_WARN_SUSPICIOUS_MOVE = YES;
				CLANG_WARN_UNGUARDED_AVAILABILITY = YES_AGGRESSIVE;
				CLANG_WARN_UNREACHABLE_CODE = YES;
				CLANG_WARN__DUPLICATE_METHOD_MATCH = YES;
				COPY_PHASE_STRIP = NO;
				DEBUG_INFORMATION_FORMAT = "dwarf-with-dsym";
				ENABLE_NS_ASSERTIONS = NO;
				ENABLE_STRICT_OBJC_MSGSEND = YES;
				GCC_C_LANGUAGE_STANDARD = gnu11;
				GCC_NO_COMMON_BLOCKS = YES;
				GCC_WARN_64_TO_32_BIT_CONVERSION = YES;
				GCC_WARN_ABOUT_RETURN_TYPE = YES_ERROR;
				GCC_WARN_UNDECLARED_SELECTOR = YES;
				GCC_WARN_UNINITIALIZED_AUTOS = YES_AGGRESSIVE;
				GCC_WARN_UNUSED_FUNCTION = YES;
				GCC_WARN_UNUSED_VARIABLE = YES;
				IPHONEOS_DEPLOYMENT_TARGET = 14.4;
				MTL_ENABLE_DEBUG_INFO = NO;
				MTL_FAST_MATH = YES;
				SDKROOT = iphoneos;
				SWIFT_COMPILATION_MODE = wholemodule;
				SWIFT_OPTIMIZATION_LEVEL = "-O";
				VALIDATE_PRODUCT = YES;
			};
			name = Release;
		};
		10BDA18D2621D98C002995B2 /* Debug */ = {
			isa = XCBuildConfiguration;
			buildSettings = {
				ASSETCATALOG_COMPILER_APPICON_NAME = AppIcon;
				ASSETCATALOG_COMPILER_GLOBAL_ACCENT_COLOR_NAME = AccentColor;
				CODE_SIGN_STYLE = Automatic;
				DEVELOPMENT_ASSET_PATHS = "\"NewsApp (Combine Framework, API, Swift Package Manager,CoreData)/Preview Content\"";
				DEVELOPMENT_TEAM = 28FY2PHCA4;
				ENABLE_PREVIEWS = YES;
				INFOPLIST_FILE = "NewsApp (Combine Framework, API, Swift Package Manager,CoreData)/Info.plist";
				IPHONEOS_DEPLOYMENT_TARGET = 14.0;
				LD_RUNPATH_SEARCH_PATHS = (
					"$(inherited)",
					"@executable_path/Frameworks",
				);
				PRODUCT_BUNDLE_IDENTIFIER = "elhajjaji.NewsApp--Combine-Framework--API--Swift-Package-Manager-CoreData-";
				PRODUCT_NAME = "$(TARGET_NAME)";
				SWIFT_VERSION = 5.0;
				TARGETED_DEVICE_FAMILY = "1,2";
			};
			name = Debug;
		};
		10BDA18E2621D98C002995B2 /* Release */ = {
			isa = XCBuildConfiguration;
			buildSettings = {
				ASSETCATALOG_COMPILER_APPICON_NAME = AppIcon;
				ASSETCATALOG_COMPILER_GLOBAL_ACCENT_COLOR_NAME = AccentColor;
				CODE_SIGN_STYLE = Automatic;
				DEVELOPMENT_ASSET_PATHS = "\"NewsApp (Combine Framework, API, Swift Package Manager,CoreData)/Preview Content\"";
				DEVELOPMENT_TEAM = 28FY2PHCA4;
				ENABLE_PREVIEWS = YES;
				INFOPLIST_FILE = "NewsApp (Combine Framework, API, Swift Package Manager,CoreData)/Info.plist";
				IPHONEOS_DEPLOYMENT_TARGET = 14.0;
				LD_RUNPATH_SEARCH_PATHS = (
					"$(inherited)",
					"@executable_path/Frameworks",
				);
				PRODUCT_BUNDLE_IDENTIFIER = "elhajjaji.NewsApp--Combine-Framework--API--Swift-Package-Manager-CoreData-";
				PRODUCT_NAME = "$(TARGET_NAME)";
				SWIFT_VERSION = 5.0;
				TARGETED_DEVICE_FAMILY = "1,2";
			};
			name = Release;
		};
/* End XCBuildConfiguration section */

/* Begin XCConfigurationList section */
		10BDA1732621D98A002995B2 /* Build configuration list for PBXProject "NewsApp (Combine Framework, API, Swift Package Manager,CoreData)" */ = {
			isa = XCConfigurationList;
			buildConfigurations = (
				10BDA18A2621D98C002995B2 /* Debug */,
				10BDA18B2621D98C002995B2 /* Release */,
			);
			defaultConfigurationIsVisible = 0;
			defaultConfigurationName = Release;
		};
		10BDA18C2621D98C002995B2 /* Build configuration list for PBXNativeTarget "NewsApp (Combine Framework, API, Swift Package Manager,CoreData)" */ = {
			isa = XCConfigurationList;
			buildConfigurations = (
				10BDA18D2621D98C002995B2 /* Debug */,
				10BDA18E2621D98C002995B2 /* Release */,
			);
			defaultConfigurationIsVisible = 0;
			defaultConfigurationName = Release;
		};
/* End XCConfigurationList section */

/* Begin XCVersionGroup section */
		10BDA1862621D98C002995B2 /* NewsApp__Combine_Framework__API__Swift_Package_Manager_CoreData_.xcdatamodeld */ = {
			isa = XCVersionGroup;
			children = (
				10BDA1872621D98C002995B2 /* NewsApp__Combine_Framework__API__Swift_Package_Manager_CoreData_.xcdatamodel */,
			);
			currentVersion = 10BDA1872621D98C002995B2 /* NewsApp__Combine_Framework__API__Swift_Package_Manager_CoreData_.xcdatamodel */;
			path = NewsApp__Combine_Framework__API__Swift_Package_Manager_CoreData_.xcdatamodeld;
			sourceTree = "<group>";
			versionGroupType = wrapper.xcdatamodel;
		};
/* End XCVersionGroup section */
	};
	rootObject = 10BDA1702621D98A002995B2 /* Project object */;
}
